<?xml version="1.0" encoding="utf-8"?>
<Project ToolsVersion="4.0" xmlns="http://schemas.microsoft.com/developer/msbuild/2003">
  <ItemGroup>
    <Filter Include="Source Files">
      <UniqueIdentifier>{4FC737F1-C7A5-4376-A066-2A32D752A2FF}</UniqueIdentifier>
      <Extensions>cpp;c;cc;cxx;c++;cppm;ixx;def;odl;idl;hpj;bat;asm;asmx</Extensions>
    </Filter>
    <Filter Include="Header Files">
      <UniqueIdentifier>{93995380-89BD-4b04-88EB-625FBE52EBFB}</UniqueIdentifier>
      <Extensions>h;hh;hpp;hxx;h++;hm;inl;inc;ipp;xsd</Extensions>
    </Filter>
    <Filter Include="Resource Files">
      <UniqueIdentifier>{67DA6AB6-F800-4c08-8B7A-83BB121AAD01}</UniqueIdentifier>
      <Extensions>rc;ico;cur;bmp;dlg;rc2;rct;bin;rgs;gif;jpg;jpeg;jpe;resx;tiff;tif;png;wav;mfcribbon-ms</Extensions>
    </Filter>
    <Filter Include="Source Files\Entities">
      <UniqueIdentifier>{28d79e53-ce3f-4532-8d4c-8297c0c51b15}</UniqueIdentifier>
    </Filter>
    <Filter Include="Header Files\Entities">
      <UniqueIdentifier>{24bf7a7a-9e61-4d76-95d3-b36685baa45a}</UniqueIdentifier>
    </Filter>
    <Filter Include="Header Files\Engine">
      <UniqueIdentifier>{845b0770-d770-4615-a0c2-cf2bdff0001d}</UniqueIdentifier>
    </Filter>
    <Filter Include="Source Files\Engine">
      <UniqueIdentifier>{08488c05-f043-4971-86f0-9313a35b8202}</UniqueIdentifier>
    </Filter>
    <Filter Include="Source Files\Extensions">
      <UniqueIdentifier>{178d1140-ae7d-4a87-a583-44bdfdac5b04}</UniqueIdentifier>
    </Filter>
    <Filter Include="Header Files\Extensions">
      <UniqueIdentifier>{c796e6da-0ccb-4f39-8432-0706f5cdb6a9}</UniqueIdentifier>
    </Filter>
    <Filter Include="Source Files\Managers">
      <UniqueIdentifier>{a51a0ceb-6b80-4d18-993a-281adc7e1c53}</UniqueIdentifier>
    </Filter>
    <Filter Include="Source Files\Managers\AssetManager">
      <UniqueIdentifier>{4a02a911-2775-40dd-8a9a-d9b08cf51240}</UniqueIdentifier>
    </Filter>
    <Filter Include="Header Files\Managers">
      <UniqueIdentifier>{afed5fe9-1040-42df-b13e-775e86f90fe1}</UniqueIdentifier>
    </Filter>
    <Filter Include="Header Files\Managers\AssetManager">
      <UniqueIdentifier>{b7d9e40e-6d09-46cd-9e89-71cbc1676139}</UniqueIdentifier>
    </Filter>
  </ItemGroup>
  <ItemGroup>
    <ClCompile Include="main.cpp">
      <Filter>Source Files</Filter>
    </ClCompile>
    <ClCompile Include="Collider.cpp">
      <Filter>Source Files\Entities</Filter>
    </ClCompile>
    <ClCompile Include="Bullet.cpp">
      <Filter>Source Files\Entities</Filter>
    </ClCompile>
    <ClCompile Include="Entity.cpp">
      <Filter>Source Files\Entities</Filter>
    </ClCompile>
    <ClCompile Include="Plant.cpp">
      <Filter>Source Files\Entities</Filter>
    </ClCompile>
    <ClCompile Include="Sunshine.cpp">
      <Filter>Source Files\Entities</Filter>
    </ClCompile>
    <ClCompile Include="Zombie.cpp">
      <Filter>Source Files\Entities</Filter>
    </ClCompile>
    <ClCompile Include="GameEngine.cpp">
      <Filter>Source Files\Engine</Filter>
    </ClCompile>
    <ClCompile Include="GameState.cpp">
      <Filter>Source Files\Engine</Filter>
    </ClCompile>
    <ClCompile Include="State.cpp">
      <Filter>Source Files\Engine</Filter>
    </ClCompile>
    <ClCompile Include="tools.cpp">
      <Filter>Source Files\Extensions</Filter>
    </ClCompile>
    <ClCompile Include="vector2.cpp">
      <Filter>Source Files\Extensions</Filter>
    </ClCompile>
    <ClCompile Include="Asset.cpp">
      <Filter>Source Files\Managers\AssetManager</Filter>
    </ClCompile>
    <ClCompile Include="AudioAsset.cpp">
      <Filter>Source Files\Managers\AssetManager</Filter>
    </ClCompile>
    <ClCompile Include="ImageAsset.cpp">
      <Filter>Source Files\Managers\AssetManager</Filter>
    </ClCompile>
    <ClCompile Include="AssetManager.cpp">
      <Filter>Source Files\Managers\AssetManager</Filter>
    </ClCompile>
    <ClCompile Include="TitleState.cpp">
      <Filter>Source Files\Engine</Filter>
    </ClCompile>
    <ClCompile Include="AudioManager.cpp">
      <Filter>Source Files\Managers</Filter>
    </ClCompile>
  </ItemGroup>
  <ItemGroup>
    <ClInclude Include="Bullet.h">
      <Filter>Header Files\Entities</Filter>
    </ClInclude>
    <ClInclude Include="Entity.h">
      <Filter>Header Files\Entities</Filter>
    </ClInclude>
    <ClInclude Include="Collider.h">
      <Filter>Header Files\Entities</Filter>
    </ClInclude>
    <ClInclude Include="Plant.h">
      <Filter>Header Files\Entities</Filter>
    </ClInclude>
    <ClInclude Include="Sunshine.h">
      <Filter>Header Files\Entities</Filter>
    </ClInclude>
    <ClInclude Include="Zombie.h">
      <Filter>Header Files\Entities</Filter>
    </ClInclude>
    <ClInclude Include="GameEngine.h">
      <Filter>Header Files\Engine</Filter>
    </ClInclude>
    <ClInclude Include="GameState.h">
      <Filter>Header Files\Engine</Filter>
    </ClInclude>
    <ClInclude Include="State.h">
      <Filter>Header Files\Engine</Filter>
    </ClInclude>
    <ClInclude Include="tools.h">
      <Filter>Header Files\Extensions</Filter>
    </ClInclude>
    <ClInclude Include="vector2.h">
      <Filter>Header Files\Extensions</Filter>
    </ClInclude>
    <ClInclude Include="Asset.h">
      <Filter>Header Files\Managers\AssetManager</Filter>
    </ClInclude>
    <ClInclude Include="AssetManager.h">
      <Filter>Header Files\Managers\AssetManager</Filter>
    </ClInclude>
    <ClInclude Include="AudioAsset.h">
      <Filter>Header Files\Managers\AssetManager</Filter>
    </ClInclude>
    <ClInclude Include="ImageAsset.h">
      <Filter>Header Files\Managers\AssetManager</Filter>
    </ClInclude>
    <ClInclude Include="TitleState.h">
      <Filter>Header Files\Engine</Filter>
    </ClInclude>
    <ClInclude Include="Singleton.h">
      <Filter>Header Files\Extensions</Filter>
    </ClInclude>
    <ClInclude Include="AudioManager.h">
      <Filter>Header Files\Managers</Filter>
    </ClInclude>
  </ItemGroup>
</Project>